# This file is generated by running "yarn install" inside your project.
# Manual changes might be lost - proceed with caution!

__metadata:
  version: 6

"@hyperlane-xyz/registry@workspace:.":
  version: 0.0.0-use.local
  resolution: "@hyperlane-xyz/registry@workspace:."
  languageName: unknown
  linkType: soft
